github.com/libdns/libdns v0.2.0 h1:ewg3ByWrdUrxrje8ChPVMBNcotg7H9LQYg+u5De2RzI=
github.com/libdns/libdns v0.2.0/go.mod h1:yQCXzk1lEZmmCPa857bnk4TsOiqYasqpyOEeSObbb40=
github.com/pkg/errors v0.9.1 h1:FEBLx1zS214owpjy7qsBeixbURkuhQAwrK5UwLGTwt4=
github.com/pkg/errors v0.9.1/go.mod h1:bwawxfHBFNV+L2hUp1rHADufV3IMtnDRdf1r5NINEl0=
